
Microsoft Visual Studio Solution File, Format Version 12.00
# Visual Studio Version 18
VisualStudioVersion = 18.3.11520.95 d18.3
MinimumVisualStudioVersion = 10.0.40219.1
Project("{FAE04EC0-301F-11D3-BF4B-00C04F79EFBC}") = "DocuMind.API", "DocuMind.API.csproj", "{452A6701-EA25-3523-158B-D21746AF8A9C}"
EndProject
Global
	GlobalSection(SolutionConfigurationPlatforms) = preSolution
		Debug|Any CPU = Debug|Any CPU
		Release|Any CPU = Release|Any CPU
	EndGlobalSection
	GlobalSection(ProjectConfigurationPlatforms) = postSolution
		{452A6701-EA25-3523-158B-D21746AF8A9C}.Debug|Any CPU.ActiveCfg = Debug|Any CPU
		{452A6701-EA25-3523-158B-D21746AF8A9C}.Debug|Any CPU.Build.0 = Debug|Any CPU
		{452A6701-EA25-3523-158B-D21746AF8A9C}.Release|Any CPU.ActiveCfg = Release|Any CPU
		{452A6701-EA25-3523-158B-D21746AF8A9C}.Release|Any CPU.Build.0 = Release|Any CPU
	EndGlobalSection
	GlobalSection(SolutionProperties) = preSolution
		HideSolutionNode = FALSE
	EndGlobalSection
	GlobalSection(ExtensibilityGlobals) = postSolution
		SolutionGuid = {376E98B2-3C40-4EAC-A393-FC5D4607EA97}
	EndGlobalSection
EndGlobal
